
Microsoft Visual Studio Solution File, Format Version 12.00
# Visual Studio Version 17
VisualStudioVersion = 17.11.35327.3
MinimumVisualStudioVersion = 10.0.40219.1
Project("{8BC9CEB8-8B4A-11D0-8D11-00A0C91BC942}") = "NotePad_", "NotePad_\NotePad_.vcxproj", "{BD8EF109-C9BA-492E-A13B-6BBF3ECE8FFD}"
EndProject
Global
	GlobalSection(SolutionConfigurationPlatforms) = preSolution
		Debug|x64 = Debug|x64
		Debug|x86 = Debug|x86
		Release|x64 = Release|x64
		Release|x86 = Release|x86
	EndGlobalSection
	GlobalSection(ProjectConfigurationPlatforms) = postSolution
		{BD8EF109-C9BA-492E-A13B-6BBF3ECE8FFD}.Debug|x64.ActiveCfg = Debug|x64
		{BD8EF109-C9BA-492E-A13B-6BBF3ECE8FFD}.Debug|x64.Build.0 = Debug|x64
		{BD8EF109-C9BA-492E-A13B-6BBF3ECE8FFD}.Debug|x86.ActiveCfg = Debug|Win32
		{BD8EF109-C9BA-492E-A13B-6BBF3ECE8FFD}.Debug|x86.Build.0 = Debug|Win32
		{BD8EF109-C9BA-492E-A13B-6BBF3ECE8FFD}.Release|x64.ActiveCfg = Release|x64
		{BD8EF109-C9BA-492E-A13B-6BBF3ECE8FFD}.Release|x64.Build.0 = Release|x64
		{BD8EF109-C9BA-492E-A13B-6BBF3ECE8FFD}.Release|x86.ActiveCfg = Release|Win32
		{BD8EF109-C9BA-492E-A13B-6BBF3ECE8FFD}.Release|x86.Build.0 = Release|Win32
	EndGlobalSection
	GlobalSection(SolutionProperties) = preSolution
		HideSolutionNode = FALSE
	EndGlobalSection
	GlobalSection(ExtensibilityGlobals) = postSolution
		SolutionGuid = {963CB65D-4DBB-41C2-ABD4-94844942AF1F}
	EndGlobalSection
EndGlobal
